# Sensitive keys are intentionally not stored here.
# Move all runtime values to your hosting provider's environment settings.
# Example: Vercel > Project > Settings > Environment Variables
# See .env.example for the expected keys.

# This file is kept intentionally blank to avoid committing real secrets.
# Do not add private keys or decrypted values to source control.

# Required keys for deployment should be configured in your hosting environment.
# VITE_CONVEX_URL
# CONVEX_DEPLOYMENT
# SITE_URL
# JWKS
# JWT_PRIVATE_KEY
# DOTENV_PRIVATE_KEY_LOCAL

# If you are using local development, create a .env.local file from .env.example.

